
Microsoft Visual Studio Solution File, Format Version 12.00
# Visual Studio 15
VisualStudioVersion = 15.0.28010.2036
MinimumVisualStudioVersion = 10.0.40219.1
Project("{FAE04EC0-301F-11D3-BF4B-00C04F79EFBC}") = "calculator", "calculator.csproj", "{8AA4A1AC-47F7-4085-BE6A-BE2AFCB08CB2}"
EndProject
Global
	GlobalSection(SolutionConfigurationPlatforms) = preSolution
		Debug|Any CPU = Debug|Any CPU
		Debug2|Any CPU = Debug2|Any CPU
		Release|Any CPU = Release|Any CPU
	EndGlobalSection
	GlobalSection(ProjectConfigurationPlatforms) = postSolution
		{8AA4A1AC-47F7-4085-BE6A-BE2AFCB08CB2}.Debug|Any CPU.ActiveCfg = Debug|Any CPU
		{8AA4A1AC-47F7-4085-BE6A-BE2AFCB08CB2}.Debug|Any CPU.Build.0 = Debug|Any CPU
		{8AA4A1AC-47F7-4085-BE6A-BE2AFCB08CB2}.Debug2|Any CPU.ActiveCfg = Debug2|Any CPU
		{8AA4A1AC-47F7-4085-BE6A-BE2AFCB08CB2}.Debug2|Any CPU.Build.0 = Debug2|Any CPU
		{8AA4A1AC-47F7-4085-BE6A-BE2AFCB08CB2}.Release|Any CPU.ActiveCfg = Release|Any CPU
		{8AA4A1AC-47F7-4085-BE6A-BE2AFCB08CB2}.Release|Any CPU.Build.0 = Release|Any CPU
	EndGlobalSection
	GlobalSection(SolutionProperties) = preSolution
		HideSolutionNode = FALSE
	EndGlobalSection
	GlobalSection(ExtensibilityGlobals) = postSolution
		SolutionGuid = {F9169C36-5206-482F-BDAD-C3B41AEE8222}
	EndGlobalSection
EndGlobal
